
Microsoft Visual Studio Solution File, Format Version 12.00
# Visual Studio Version 17
VisualStudioVersion = 17.4.33110.190
MinimumVisualStudioVersion = 10.0.40219.1
Project("{FAE04EC0-301F-11D3-BF4B-00C04F79EFBC}") = "BookStoreCSharp", "BookStoreCSharp\BookStoreCSharp.csproj", "{16C236AD-4C95-4DB5-BBBF-B14EB646EA59}"
EndProject
Global
	GlobalSection(SolutionConfigurationPlatforms) = preSolution
		Debug|Any CPU = Debug|Any CPU
		Release|Any CPU = Release|Any CPU
	EndGlobalSection
	GlobalSection(ProjectConfigurationPlatforms) = postSolution
		{16C236AD-4C95-4DB5-BBBF-B14EB646EA59}.Debug|Any CPU.ActiveCfg = Debug|Any CPU
		{16C236AD-4C95-4DB5-BBBF-B14EB646EA59}.Debug|Any CPU.Build.0 = Debug|Any CPU
		{16C236AD-4C95-4DB5-BBBF-B14EB646EA59}.Release|Any CPU.ActiveCfg = Release|Any CPU
		{16C236AD-4C95-4DB5-BBBF-B14EB646EA59}.Release|Any CPU.Build.0 = Release|Any CPU
	EndGlobalSection
	GlobalSection(SolutionProperties) = preSolution
		HideSolutionNode = FALSE
	EndGlobalSection
	GlobalSection(ExtensibilityGlobals) = postSolution
		SolutionGuid = {F2E117AF-CDAE-4429-9F2D-7D418B1AEB60}
	EndGlobalSection
EndGlobal
